
Microsoft Visual Studio Solution File, Format Version 12.00
# Visual Studio Version 17
VisualStudioVersion = 17.0.31903.59
MinimumVisualStudioVersion = 10.0.40219.1
Project("{FAE04EC0-301F-11D3-BF4B-00C04F79EFBC}") = "Bnfour.RitsuFuse.Proper", "Proper\Bnfour.RitsuFuse.Proper.csproj", "{FD330FAC-7551-4E21-B4B9-9C93851FFB20}"
EndProject
Project("{FAE04EC0-301F-11D3-BF4B-00C04F79EFBC}") = "Bnfour.RitsuFuse.ConsoleApp", "ConsoleApp\Bnfour.RitsuFuse.ConsoleApp.csproj", "{5DADC730-2966-4821-8E7B-6270EFAB0A53}"
EndProject
Global
	GlobalSection(SolutionConfigurationPlatforms) = preSolution
		Debug|Any CPU = Debug|Any CPU
		Release|Any CPU = Release|Any CPU
	EndGlobalSection
	GlobalSection(SolutionProperties) = preSolution
		HideSolutionNode = FALSE
	EndGlobalSection
	GlobalSection(ProjectConfigurationPlatforms) = postSolution
		{FD330FAC-7551-4E21-B4B9-9C93851FFB20}.Debug|Any CPU.ActiveCfg = Debug|Any CPU
		{FD330FAC-7551-4E21-B4B9-9C93851FFB20}.Debug|Any CPU.Build.0 = Debug|Any CPU
		{FD330FAC-7551-4E21-B4B9-9C93851FFB20}.Release|Any CPU.ActiveCfg = Release|Any CPU
		{FD330FAC-7551-4E21-B4B9-9C93851FFB20}.Release|Any CPU.Build.0 = Release|Any CPU
		{5DADC730-2966-4821-8E7B-6270EFAB0A53}.Debug|Any CPU.ActiveCfg = Debug|Any CPU
		{5DADC730-2966-4821-8E7B-6270EFAB0A53}.Debug|Any CPU.Build.0 = Debug|Any CPU
		{5DADC730-2966-4821-8E7B-6270EFAB0A53}.Release|Any CPU.ActiveCfg = Release|Any CPU
		{5DADC730-2966-4821-8E7B-6270EFAB0A53}.Release|Any CPU.Build.0 = Release|Any CPU
	EndGlobalSection
EndGlobal
